Microsoft Visual Studio Solution File, Format Version 12.00
# Visual Studio Version 17
VisualStudioVersion = 17.5.2.0
MinimumVisualStudioVersion = 10.0.40219.1
Project("{FAE04EC0-301F-11D3-BF4B-00C04F79EFBC}") = "public-storage", "public-storage.csproj", "{4A268AF6-9ADB-AA38-DB6B-5251A9657E79}"
EndProject
Global
	GlobalSection(SolutionConfigurationPlatforms) = preSolution
		Debug|Any CPU = Debug|Any CPU
		Release|Any CPU = Release|Any CPU
	EndGlobalSection
	GlobalSection(ProjectConfigurationPlatforms) = postSolution
		{4A268AF6-9ADB-AA38-DB6B-5251A9657E79}.Debug|Any CPU.ActiveCfg = Debug|Any CPU
		{4A268AF6-9ADB-AA38-DB6B-5251A9657E79}.Debug|Any CPU.Build.0 = Debug|Any CPU
		{4A268AF6-9ADB-AA38-DB6B-5251A9657E79}.Release|Any CPU.ActiveCfg = Release|Any CPU
		{4A268AF6-9ADB-AA38-DB6B-5251A9657E79}.Release|Any CPU.Build.0 = Release|Any CPU
	EndGlobalSection
	GlobalSection(SolutionProperties) = preSolution
		HideSolutionNode = FALSE
	EndGlobalSection
	GlobalSection(ExtensibilityGlobals) = postSolution
		SolutionGuid = {70A329FA-605F-484F-96FE-890D0FB65BC8}
	EndGlobalSection
EndGlobal
